
Microsoft Visual Studio Solution File, Format Version 12.00
# Visual Studio Version 17
VisualStudioVersion = 17.10.34707.107
MinimumVisualStudioVersion = 10.0.40219.1
Project("{9A19103F-16F7-4668-BE54-9A1E7A4F7556}") = "desafio-dio-docker", "desafio-dio-docker\desafio-dio-docker.csproj", "{7D0E3210-AA24-4C19-B609-DDABFB1A100F}"
EndProject
Project("{E53339B2-1760-4266-BCC7-CA923CBCF16C}") = "docker-compose", "docker-compose.dcproj", "{732042B9-1DCE-4FFB-B158-2F08AE5C604B}"
EndProject
Global
	GlobalSection(SolutionConfigurationPlatforms) = preSolution
		Debug|Any CPU = Debug|Any CPU
		Release|Any CPU = Release|Any CPU
	EndGlobalSection
	GlobalSection(ProjectConfigurationPlatforms) = postSolution
		{7D0E3210-AA24-4C19-B609-DDABFB1A100F}.Debug|Any CPU.ActiveCfg = Debug|Any CPU
		{7D0E3210-AA24-4C19-B609-DDABFB1A100F}.Debug|Any CPU.Build.0 = Debug|Any CPU
		{7D0E3210-AA24-4C19-B609-DDABFB1A100F}.Release|Any CPU.ActiveCfg = Release|Any CPU
		{7D0E3210-AA24-4C19-B609-DDABFB1A100F}.Release|Any CPU.Build.0 = Release|Any CPU
		{732042B9-1DCE-4FFB-B158-2F08AE5C604B}.Debug|Any CPU.ActiveCfg = Debug|Any CPU
		{732042B9-1DCE-4FFB-B158-2F08AE5C604B}.Debug|Any CPU.Build.0 = Debug|Any CPU
		{732042B9-1DCE-4FFB-B158-2F08AE5C604B}.Release|Any CPU.ActiveCfg = Release|Any CPU
		{732042B9-1DCE-4FFB-B158-2F08AE5C604B}.Release|Any CPU.Build.0 = Release|Any CPU
	EndGlobalSection
	GlobalSection(SolutionProperties) = preSolution
		HideSolutionNode = FALSE
	EndGlobalSection
	GlobalSection(ExtensibilityGlobals) = postSolution
		SolutionGuid = {381CC856-262B-4746-AB64-EBF78DC2E780}
	EndGlobalSection
EndGlobal
